
Microsoft Visual Studio Solution File, Format Version 12.00
# Visual Studio Version 17
VisualStudioVersion = 17.1.32210.238
MinimumVisualStudioVersion = 10.0.40219.1
Project("{FAE04EC0-301F-11D3-BF4B-00C04F79EFBC}") = "WizeTrackerSolution", "WizeTrackerSolution\WizeTrackerSolution.csproj", "{B3E63817-6B90-484E-8327-A78898A12430}"
EndProject
Global
	GlobalSection(SolutionConfigurationPlatforms) = preSolution
		Debug|Any CPU = Debug|Any CPU
		Release|Any CPU = Release|Any CPU
	EndGlobalSection
	GlobalSection(ProjectConfigurationPlatforms) = postSolution
		{B3E63817-6B90-484E-8327-A78898A12430}.Debug|Any CPU.ActiveCfg = Debug|Any CPU
		{B3E63817-6B90-484E-8327-A78898A12430}.Debug|Any CPU.Build.0 = Debug|Any CPU
		{B3E63817-6B90-484E-8327-A78898A12430}.Release|Any CPU.ActiveCfg = Release|Any CPU
		{B3E63817-6B90-484E-8327-A78898A12430}.Release|Any CPU.Build.0 = Release|Any CPU
	EndGlobalSection
	GlobalSection(SolutionProperties) = preSolution
		HideSolutionNode = FALSE
	EndGlobalSection
	GlobalSection(ExtensibilityGlobals) = postSolution
		SolutionGuid = {624A43C2-010D-4563-8CDC-346677C33D08}
	EndGlobalSection
EndGlobal
